
Microsoft Visual Studio Solution File, Format Version 12.00
# Visual Studio Version 16
VisualStudioVersion = 16.0.31624.102
MinimumVisualStudioVersion = 10.0.40219.1
Project("{FAE04EC0-301F-11D3-BF4B-00C04F79EFBC}") = "Part1_Mod3", "Part1_Mod3.csproj", "{CA099E70-AFF2-4764-B809-3B43B7D14AE1}"
EndProject
Project("{2150E333-8FDC-42A3-9474-1A3956D46DE8}") = "Solution Items", "Solution Items", "{65506F2C-B138-432D-B4C7-369BF7CB3019}"
	ProjectSection(SolutionItems) = preProject
		.gitignore = .gitignore
	EndProjectSection
EndProject
Global
	GlobalSection(SolutionConfigurationPlatforms) = preSolution
		Debug|Any CPU = Debug|Any CPU
		Release|Any CPU = Release|Any CPU
	EndGlobalSection
	GlobalSection(ProjectConfigurationPlatforms) = postSolution
		{CA099E70-AFF2-4764-B809-3B43B7D14AE1}.Debug|Any CPU.ActiveCfg = Debug|Any CPU
		{CA099E70-AFF2-4764-B809-3B43B7D14AE1}.Debug|Any CPU.Build.0 = Debug|Any CPU
		{CA099E70-AFF2-4764-B809-3B43B7D14AE1}.Release|Any CPU.ActiveCfg = Release|Any CPU
		{CA099E70-AFF2-4764-B809-3B43B7D14AE1}.Release|Any CPU.Build.0 = Release|Any CPU
	EndGlobalSection
	GlobalSection(SolutionProperties) = preSolution
		HideSolutionNode = FALSE
	EndGlobalSection
	GlobalSection(ExtensibilityGlobals) = postSolution
		SolutionGuid = {28CA086B-1E0A-4029-9AF2-6FD2149132A1}
	EndGlobalSection
EndGlobal
